{
  "version": 4,
  "terraform_version": "1.9.5",
  "serial": 1,
  "lineage": "1761c1e8-d34d-e1ae-2697-c02b7d710df9",
  "outputs": {},
  "resources": [
    {
      "mode": "managed",
      "type": "aws_vpc",
      "name": "vpc",
      "provider": "provider[\"registry.terraform.io/hashicorp/aws\"]",
      "instances": [
        {
          "schema_version": 1,
          "attributes": {
            "arn": "arn:aws:ec2:us-east-1:181210967633:vpc/vpc-06379a3541364567f",
            "assign_generated_ipv6_cidr_block": false,
            "cidr_block": "10.0.0.0/16",
            "default_network_acl_id": "acl-0bc408e02b3fb95f2",
            "default_route_table_id": "rtb-028231a3ac31cbe9e",
            "default_security_group_id": "sg-000f0896072e09bb7",
            "dhcp_options_id": "dopt-04d6d7d4be544c9ac",
            "enable_classiclink": false,
            "enable_classiclink_dns_support": false,
            "enable_dns_hostnames": true,
            "enable_dns_support": true,
            "id": "vpc-06379a3541364567f",
            "instance_tenancy": "default",
            "ipv4_ipam_pool_id": null,
            "ipv4_netmask_length": null,
            "ipv6_association_id": "",
            "ipv6_cidr_block": "",
            "ipv6_cidr_block_network_border_group": "",
            "ipv6_ipam_pool_id": "",
            "ipv6_netmask_length": 0,
            "main_route_table_id": "rtb-028231a3ac31cbe9e",
            "owner_id": "181210967633",
            "tags": {
              "Name": "martin-vpc"
            },
            "tags_all": {
              "Name": "martin-vpc"
            }
          },
          "sensitive_attributes": [],
          "private": "eyJzY2hlbWFfdmVyc2lvbiI6IjEifQ=="
        }
      ]
    }
  ],
  "check_results": null
}
